<?xml version="1.0" encoding="utf-8"?>
<Project ToolsVersion="4.0" xmlns="http://schemas.microsoft.com/developer/msbuild/2003">
  <ItemGroup>
    <Filter Include="Inc">
      <UniqueIdentifier>{4f500469-695e-4e3f-95f8-d0f104257fb8}</UniqueIdentifier>
    </Filter>
    <Filter Include="Src">
      <UniqueIdentifier>{35cae826-7c44-4d41-951d-b010f637cae4}</UniqueIdentifier>
    </Filter>
    <Filter Include="Inc\Pathing">
      <UniqueIdentifier>{6d3b0fa0-111e-4459-a964-d69c08cc8aa0}</UniqueIdentifier>
    </Filter>
    <Filter Include="Src\Pathing">
      <UniqueIdentifier>{204e7713-d2a4-4e41-bcf6-a0293b2b685a}</UniqueIdentifier>
    </Filter>
    <Filter Include="Inc\FSM">
      <UniqueIdentifier>{b1d77182-cdf2-4863-a01c-305ab1c85242}</UniqueIdentifier>
    </Filter>
    <Filter Include="Src\FSM">
      <UniqueIdentifier>{b57d63ce-e02c-4a13-bcbe-294f32e5594d}</UniqueIdentifier>
    </Filter>
    <Filter Include="Inc\Steering">
      <UniqueIdentifier>{641029c1-9a05-4c4e-9acf-dd02df7f8d11}</UniqueIdentifier>
    </Filter>
    <Filter Include="Src\Steering">
      <UniqueIdentifier>{829c1b70-fd76-4761-b060-61bdfbb33aa3}</UniqueIdentifier>
    </Filter>
    <Filter Include="Inc\Perception">
      <UniqueIdentifier>{e9346818-e151-46ba-beff-de44ccfce4f8}</UniqueIdentifier>
    </Filter>
    <Filter Include="Src\Perception">
      <UniqueIdentifier>{c912f7b0-9ae4-4852-a234-9f0e7af6991b}</UniqueIdentifier>
    </Filter>
    <Filter Include="Inc\GoalBasedDecision">
      <UniqueIdentifier>{5c225911-722a-41df-9ecc-d10ef371d7ac}</UniqueIdentifier>
    </Filter>
    <Filter Include="Src\GoalBasedDecision">
      <UniqueIdentifier>{89758f53-7f5e-4308-8269-2655267add7f}</UniqueIdentifier>
    </Filter>
  </ItemGroup>
  <ItemGroup>
    <ClInclude Include="Inc\AI.h">
      <Filter>Inc</Filter>
    </ClInclude>
    <ClInclude Include="Inc\Common.h">
      <Filter>Inc</Filter>
    </ClInclude>
    <ClInclude Include="Src\Precompiled.h">
      <Filter>Src</Filter>
    </ClInclude>
    <ClInclude Include="Inc\GridBasedGraph.h">
      <Filter>Inc\Pathing</Filter>
    </ClInclude>
    <ClInclude Include="Inc\BFS.h">
      <Filter>Inc\Pathing</Filter>
    </ClInclude>
    <ClInclude Include="Inc\DFS.h">
      <Filter>Inc\Pathing</Filter>
    </ClInclude>
    <ClInclude Include="Inc\AStar.h">
      <Filter>Inc\Pathing</Filter>
    </ClInclude>
    <ClInclude Include="Inc\Dijkstra.h">
      <Filter>Inc\Pathing</Filter>
    </ClInclude>
    <ClInclude Include="Inc\State.h">
      <Filter>Inc\FSM</Filter>
    </ClInclude>
    <ClInclude Include="Inc\StateMachine.h">
      <Filter>Inc\FSM</Filter>
    </ClInclude>
    <ClInclude Include="Inc\AIWorld.h">
      <Filter>Inc</Filter>
    </ClInclude>
    <ClInclude Include="Inc\Entity.h">
      <Filter>Inc</Filter>
    </ClInclude>
    <ClInclude Include="Inc\Agent.h">
      <Filter>Inc</Filter>
    </ClInclude>
    <ClInclude Include="Inc\SteeringBehavior.h">
      <Filter>Inc\Steering</Filter>
    </ClInclude>
    <ClInclude Include="Inc\SteeringModule.h">
      <Filter>Inc\Steering</Filter>
    </ClInclude>
    <ClInclude Include="Inc\WanderBehavior.h">
      <Filter>Inc\Steering</Filter>
    </ClInclude>
    <ClInclude Include="Inc\SeekBehavior.h">
      <Filter>Inc\Steering</Filter>
    </ClInclude>
    <ClInclude Include="Inc\ArriveBehavior.h">
      <Filter>Inc\Steering</Filter>
    </ClInclude>
    <ClInclude Include="Inc\GroupBehavior.h">
      <Filter>Inc\Steering</Filter>
    </ClInclude>
    <ClInclude Include="Inc\MemoryRecord.h">
      <Filter>Inc\Perception</Filter>
    </ClInclude>
    <ClInclude Include="Inc\Sensor.h">
      <Filter>Inc\Perception</Filter>
    </ClInclude>
    <ClInclude Include="Inc\PerceptionModule.h">
      <Filter>Inc\Perception</Filter>
    </ClInclude>
    <ClInclude Include="Inc\Goal.h">
      <Filter>Inc\GoalBasedDecision</Filter>
    </ClInclude>
    <ClInclude Include="Inc\GoalComposite.h">
      <Filter>Inc\GoalBasedDecision</Filter>
    </ClInclude>
    <ClInclude Include="Inc\Strategy.h">
      <Filter>Inc\GoalBasedDecision</Filter>
    </ClInclude>
    <ClInclude Include="Inc\DecisionModule.h">
      <Filter>Inc\GoalBasedDecision</Filter>
    </ClInclude>
  </ItemGroup>
  <ItemGroup>
    <ClCompile Include="Src\Precompiled.cpp">
      <Filter>Src</Filter>
    </ClCompile>
    <ClCompile Include="Src\GridBasedGraph.cpp">
      <Filter>Src\Pathing</Filter>
    </ClCompile>
    <ClCompile Include="Src\BFS.cpp">
      <Filter>Src\Pathing</Filter>
    </ClCompile>
    <ClCompile Include="Src\DFS.cpp">
      <Filter>Src\Pathing</Filter>
    </ClCompile>
    <ClCompile Include="Src\AStar.cpp">
      <Filter>Src\Pathing</Filter>
    </ClCompile>
    <ClCompile Include="Src\Dijkstra.cpp">
      <Filter>Src\Pathing</Filter>
    </ClCompile>
    <ClCompile Include="Src\AIWorld.cpp">
      <Filter>Src</Filter>
    </ClCompile>
    <ClCompile Include="Src\Entity.cpp">
      <Filter>Src</Filter>
    </ClCompile>
    <ClCompile Include="Src\Agent.cpp">
      <Filter>Src</Filter>
    </ClCompile>
    <ClCompile Include="Src\SteeringModule.cpp">
      <Filter>Src\Steering</Filter>
    </ClCompile>
    <ClCompile Include="Src\WanderBehavior.cpp">
      <Filter>Src\Steering</Filter>
    </ClCompile>
    <ClCompile Include="Src\SeekBehavior.cpp">
      <Filter>Src\Steering</Filter>
    </ClCompile>
    <ClCompile Include="Src\ArriveBehavior.cpp">
      <Filter>Src\Steering</Filter>
    </ClCompile>
    <ClCompile Include="Src\GroupBehavior.cpp">
      <Filter>Src\Steering</Filter>
    </ClCompile>
    <ClCompile Include="Src\PerceptionModule.cpp">
      <Filter>Src\Perception</Filter>
    </ClCompile>
  </ItemGroup>
</Project>